
Microsoft Visual Studio Solution File, Format Version 12.00
# Visual Studio Version 17
VisualStudioVersion = 17.11.35222.181
MinimumVisualStudioVersion = 10.0.40219.1
Project("{9A19103F-16F7-4668-BE54-9A1E7A4F7556}") = "lab4", "lab3\lab4.csproj", "{2C3BAF2B-8AFA-4954-82FB-D0F0C8610A59}"
EndProject
Global
	GlobalSection(SolutionConfigurationPlatforms) = preSolution
		Debug|Any CPU = Debug|Any CPU
		Release|Any CPU = Release|Any CPU
	EndGlobalSection
	GlobalSection(ProjectConfigurationPlatforms) = postSolution
		{2C3BAF2B-8AFA-4954-82FB-D0F0C8610A59}.Debug|Any CPU.ActiveCfg = Debug|Any CPU
		{2C3BAF2B-8AFA-4954-82FB-D0F0C8610A59}.Debug|Any CPU.Build.0 = Debug|Any CPU
		{2C3BAF2B-8AFA-4954-82FB-D0F0C8610A59}.Release|Any CPU.ActiveCfg = Release|Any CPU
		{2C3BAF2B-8AFA-4954-82FB-D0F0C8610A59}.Release|Any CPU.Build.0 = Release|Any CPU
	EndGlobalSection
	GlobalSection(SolutionProperties) = preSolution
		HideSolutionNode = FALSE
	EndGlobalSection
	GlobalSection(ExtensibilityGlobals) = postSolution
		SolutionGuid = {E007AADC-43FA-4407-A59E-B3CF032824DE}
	EndGlobalSection
EndGlobal
